
Microsoft Visual Studio Solution File, Format Version 12.00
# Visual Studio Version 17
VisualStudioVersion = 17.2.32616.157
MinimumVisualStudioVersion = 10.0.40219.1
Project("{9A19103F-16F7-4668-BE54-9A1E7A4F7556}") = "GenshinAcademy.ArtiRater.Web", "GenshinAcademy.ArtiRater.Web\GenshinAcademy.ArtiRater.Web.csproj", "{532583FA-4EFC-445A-8D7E-486B4D62C7B6}"
EndProject
Global
	GlobalSection(SolutionConfigurationPlatforms) = preSolution
		Debug|Any CPU = Debug|Any CPU
		Debug|x64 = Debug|x64
		Release|Any CPU = Release|Any CPU
		Release|x64 = Release|x64
	EndGlobalSection
	GlobalSection(ProjectConfigurationPlatforms) = postSolution
		{532583FA-4EFC-445A-8D7E-486B4D62C7B6}.Debug|Any CPU.ActiveCfg = Debug|Any CPU
		{532583FA-4EFC-445A-8D7E-486B4D62C7B6}.Debug|Any CPU.Build.0 = Debug|Any CPU
		{532583FA-4EFC-445A-8D7E-486B4D62C7B6}.Debug|x64.ActiveCfg = Debug|x64
		{532583FA-4EFC-445A-8D7E-486B4D62C7B6}.Debug|x64.Build.0 = Debug|x64
		{532583FA-4EFC-445A-8D7E-486B4D62C7B6}.Release|Any CPU.ActiveCfg = Release|x64
		{532583FA-4EFC-445A-8D7E-486B4D62C7B6}.Release|Any CPU.Build.0 = Release|x64
		{532583FA-4EFC-445A-8D7E-486B4D62C7B6}.Release|x64.ActiveCfg = Release|x64
		{532583FA-4EFC-445A-8D7E-486B4D62C7B6}.Release|x64.Build.0 = Release|x64
	EndGlobalSection
	GlobalSection(SolutionProperties) = preSolution
		HideSolutionNode = FALSE
	EndGlobalSection
	GlobalSection(ExtensibilityGlobals) = postSolution
		SolutionGuid = {5083EA59-3F64-42C9-918D-F79D479217FF}
	EndGlobalSection
EndGlobal
